
Microsoft Visual Studio Solution File, Format Version 12.00
# Visual Studio Version 17
VisualStudioVersion = 17.4.33110.190
MinimumVisualStudioVersion = 10.0.40219.1
Project("{FAE04EC0-301F-11D3-BF4B-00C04F79EFBC}") = "TestMultipleAppsettings.Server", "Server\TestMultipleAppsettings.Server.csproj", "{1CB3348F-54CE-4114-A8AA-4172DF345DFD}"
EndProject
Project("{FAE04EC0-301F-11D3-BF4B-00C04F79EFBC}") = "TestMultipleAppsettings.Client", "Client\TestMultipleAppsettings.Client.csproj", "{2F1D3F1F-71F2-4D1C-8A85-972323F8FF81}"
EndProject
Project("{FAE04EC0-301F-11D3-BF4B-00C04F79EFBC}") = "TestMultipleAppsettings.Shared", "Shared\TestMultipleAppsettings.Shared.csproj", "{66A4764F-F3C5-4D7A-A737-FCFFD15438C5}"
EndProject
Global
	GlobalSection(SolutionConfigurationPlatforms) = preSolution
		Debug|Any CPU = Debug|Any CPU
		Release|Any CPU = Release|Any CPU
	EndGlobalSection
	GlobalSection(ProjectConfigurationPlatforms) = postSolution
		{1CB3348F-54CE-4114-A8AA-4172DF345DFD}.Debug|Any CPU.ActiveCfg = Debug|Any CPU
		{1CB3348F-54CE-4114-A8AA-4172DF345DFD}.Debug|Any CPU.Build.0 = Debug|Any CPU
		{1CB3348F-54CE-4114-A8AA-4172DF345DFD}.Release|Any CPU.ActiveCfg = Release|Any CPU
		{1CB3348F-54CE-4114-A8AA-4172DF345DFD}.Release|Any CPU.Build.0 = Release|Any CPU
		{2F1D3F1F-71F2-4D1C-8A85-972323F8FF81}.Debug|Any CPU.ActiveCfg = Debug|Any CPU
		{2F1D3F1F-71F2-4D1C-8A85-972323F8FF81}.Debug|Any CPU.Build.0 = Debug|Any CPU
		{2F1D3F1F-71F2-4D1C-8A85-972323F8FF81}.Release|Any CPU.ActiveCfg = Release|Any CPU
		{2F1D3F1F-71F2-4D1C-8A85-972323F8FF81}.Release|Any CPU.Build.0 = Release|Any CPU
		{66A4764F-F3C5-4D7A-A737-FCFFD15438C5}.Debug|Any CPU.ActiveCfg = Debug|Any CPU
		{66A4764F-F3C5-4D7A-A737-FCFFD15438C5}.Debug|Any CPU.Build.0 = Debug|Any CPU
		{66A4764F-F3C5-4D7A-A737-FCFFD15438C5}.Release|Any CPU.ActiveCfg = Release|Any CPU
		{66A4764F-F3C5-4D7A-A737-FCFFD15438C5}.Release|Any CPU.Build.0 = Release|Any CPU
	EndGlobalSection
	GlobalSection(SolutionProperties) = preSolution
		HideSolutionNode = FALSE
	EndGlobalSection
	GlobalSection(ExtensibilityGlobals) = postSolution
		SolutionGuid = {B13924C3-F010-431E-BCB3-771062923D26}
	EndGlobalSection
EndGlobal
